
Microsoft Visual Studio Solution File, Format Version 12.00
# Visual Studio Version 17
VisualStudioVersion = 17.6.33723.286
MinimumVisualStudioVersion = 10.0.40219.1
Project("{9A19103F-16F7-4668-BE54-9A1E7A4F7556}") = "Bookstore.Domain", "Bookstore.Domain\Bookstore.Domain.csproj", "{89DDFCF4-C197-4E96-8007-B1136C3856F4}"
EndProject
Project("{9A19103F-16F7-4668-BE54-9A1E7A4F7556}") = "Bookstore.Application", "Bookstore.Application\Bookstore.Application.csproj", "{12F9D0B6-6B03-477F-9F1C-9443492CC1DC}"
EndProject
Project("{9A19103F-16F7-4668-BE54-9A1E7A4F7556}") = "Bookstore.Infrastructure", "Bookstore.Infrastructure\Bookstore.Infrastructure.csproj", "{6C6C318F-CF0E-4F35-9188-454FE2BD70A1}"
EndProject
Project("{9A19103F-16F7-4668-BE54-9A1E7A4F7556}") = "Bookstore.WebHost", "Bookstore.WebHost\Bookstore.WebHost.csproj", "{51B16D84-750A-476E-B0B7-D514FDB862EA}"
EndProject
Project("{FAE04EC0-301F-11D3-BF4B-00C04F79EFBC}") = "Bookstore.UnitTests", "Bookstore.UnitTests\Bookstore.UnitTests.csproj", "{57DD93CA-13F3-4CAD-977E-DE6D402858C0}"
EndProject
Global
	GlobalSection(SolutionConfigurationPlatforms) = preSolution
		Debug|Any CPU = Debug|Any CPU
		Release|Any CPU = Release|Any CPU
	EndGlobalSection
	GlobalSection(ProjectConfigurationPlatforms) = postSolution
		{89DDFCF4-C197-4E96-8007-B1136C3856F4}.Debug|Any CPU.ActiveCfg = Debug|Any CPU
		{89DDFCF4-C197-4E96-8007-B1136C3856F4}.Debug|Any CPU.Build.0 = Debug|Any CPU
		{89DDFCF4-C197-4E96-8007-B1136C3856F4}.Release|Any CPU.ActiveCfg = Release|Any CPU
		{89DDFCF4-C197-4E96-8007-B1136C3856F4}.Release|Any CPU.Build.0 = Release|Any CPU
		{12F9D0B6-6B03-477F-9F1C-9443492CC1DC}.Debug|Any CPU.ActiveCfg = Debug|Any CPU
		{12F9D0B6-6B03-477F-9F1C-9443492CC1DC}.Debug|Any CPU.Build.0 = Debug|Any CPU
		{12F9D0B6-6B03-477F-9F1C-9443492CC1DC}.Release|Any CPU.ActiveCfg = Release|Any CPU
		{12F9D0B6-6B03-477F-9F1C-9443492CC1DC}.Release|Any CPU.Build.0 = Release|Any CPU
		{6C6C318F-CF0E-4F35-9188-454FE2BD70A1}.Debug|Any CPU.ActiveCfg = Debug|Any CPU
		{6C6C318F-CF0E-4F35-9188-454FE2BD70A1}.Debug|Any CPU.Build.0 = Debug|Any CPU
		{6C6C318F-CF0E-4F35-9188-454FE2BD70A1}.Release|Any CPU.ActiveCfg = Release|Any CPU
		{6C6C318F-CF0E-4F35-9188-454FE2BD70A1}.Release|Any CPU.Build.0 = Release|Any CPU
		{51B16D84-750A-476E-B0B7-D514FDB862EA}.Debug|Any CPU.ActiveCfg = Debug|Any CPU
		{51B16D84-750A-476E-B0B7-D514FDB862EA}.Debug|Any CPU.Build.0 = Debug|Any CPU
		{51B16D84-750A-476E-B0B7-D514FDB862EA}.Release|Any CPU.ActiveCfg = Release|Any CPU
		{51B16D84-750A-476E-B0B7-D514FDB862EA}.Release|Any CPU.Build.0 = Release|Any CPU
		{57DD93CA-13F3-4CAD-977E-DE6D402858C0}.Debug|Any CPU.ActiveCfg = Debug|Any CPU
		{57DD93CA-13F3-4CAD-977E-DE6D402858C0}.Debug|Any CPU.Build.0 = Debug|Any CPU
		{57DD93CA-13F3-4CAD-977E-DE6D402858C0}.Release|Any CPU.ActiveCfg = Release|Any CPU
		{57DD93CA-13F3-4CAD-977E-DE6D402858C0}.Release|Any CPU.Build.0 = Release|Any CPU
	EndGlobalSection
	GlobalSection(SolutionProperties) = preSolution
		HideSolutionNode = FALSE
	EndGlobalSection
	GlobalSection(ExtensibilityGlobals) = postSolution
		SolutionGuid = {D406CDA0-84D3-4CD6-A202-AE8FCFE6FC3F}
	EndGlobalSection
EndGlobal
